// !$*UTF8*$!
{
	archiveVersion = 1;
	classes = {
	};
	objectVersion = 48;
	objects = {

/* Begin PBXBuildFile section */
		81906EE420ACE4EC0009946F /* AppDelegate.swift in Sources */ = {isa = PBXBuildFile; fileRef = 81906EE320ACE4EC0009946F /* AppDelegate.swift */; };
		81906EE620ACE4EC0009946F /* ViewController.swift in Sources */ = {isa = PBXBuildFile; fileRef = 81906EE520ACE4EC0009946F /* ViewController.swift */; };
		81906EE920ACE4EC0009946F /* Main.storyboard in Resources */ = {isa = PBXBuildFile; fileRef = 81906EE720ACE4EC0009946F /* Main.storyboard */; };
		81906EEB20ACE4EC0009946F /* Assets.xcassets in Resources */ = {isa = PBXBuildFile; fileRef = 81906EEA20ACE4EC0009946F /* Assets.xcassets */; };
		81906EEE20ACE4EC0009946F /* LaunchScreen.storyboard in Resources */ = {isa = PBXBuildFile; fileRef = 81906EEC20ACE4EC0009946F /* LaunchScreen.storyboard */; };
/* End PBXBuildFile section */

/* Begin PBXFileReference section */
		81906EE020ACE4EC0009946F /* CaraOuCoroa.app */ = {isa = PBXFileReference; explicitFileType = wrapper.application; includeInIndex = 0; path = CaraOuCoroa.app; sourceTree = BUILT_PRODUCTS_DIR; };
		81906EE320ACE4EC0009946F /* AppDelegate.swift */ = {isa = PBXFileReference; lastKnownFileType = sourcecode.swift; path = AppDelegate.swift; sourceTree = "<group>"; };
		81906EE520ACE4EC0009946F /* ViewController.swift */ = {isa = PBXFileReference; lastKnownFileType = sourcecode.swift; path = ViewController.swift; sourceTree = "<group>"; };
		81906EE820ACE4EC0009946F /* Base */ = {isa = PBXFileReference; lastKnownFileType = file.storyboard; name = Base; path = Base.lproj/Main.storyboard; sourceTree = "<group>"; };
		81906EEA20ACE4EC0009946F /* Assets.xcassets */ = {isa = PBXFileReference; lastKnownFileType = folder.assetcatalog; path = Assets.xcassets; sourceTree = "<group>"; };
		81906EED20ACE4EC0009946F /* Base */ = {isa = PBXFileReference; lastKnownFileType = file.storyboard; name = Base; path = Base.lproj/LaunchScreen.storyboard; sourceTree = "<group>"; };
		81906EEF20ACE4EC0009946F /* Info.plist */ = {isa = PBXFileReference; lastKnownFileType = text.plist.xml; path = Info.plist; sourceTree = "<group>"; };
		81906EF520ACE6190009946F /* tag desafio cara ou coroa.jpg */ = {isa = PBXFileReference; lastKnownFileType = image.jpeg; path = "tag desafio cara ou coroa.jpg"; sourceTree = "<group>"; };
/* End PBXFileReference section */

/* Begin PBXFrameworksBuildPhase section */
		81906EDD20ACE4EC0009946F /* Frameworks */ = {
			isa = PBXFrameworksBuildPhase;
			buildActionMask = 2147483647;
			files = (
			);
			runOnlyForDeploymentPostprocessing = 0;
		};
/* End PBXFrameworksBuildPhase section */

/* Begin PBXGroup section */
		81906ED720ACE4EC0009946F = {
			isa = PBXGroup;
			children = (
				81906EE220ACE4EC0009946F /* CaraOuCoroa */,
				81906EE120ACE4EC0009946F /* Products */,
			);
			sourceTree = "<group>";
		};
		81906EE120ACE4EC0009946F /* Products */ = {
			isa = PBXGroup;
			children = (
				81906EE020ACE4EC0009946F /* CaraOuCoroa.app */,
			);
			name = Products;
			sourceTree = "<group>";
		};
		81906EE220ACE4EC0009946F /* CaraOuCoroa */ = {
			isa = PBXGroup;
			children = (
				81906EF520ACE6190009946F /* tag desafio cara ou coroa.jpg */,
				81906EE320ACE4EC0009946F /* AppDelegate.swift */,
				81906EE520ACE4EC0009946F /* ViewController.swift */,
				81906EE720ACE4EC0009946F /* Main.storyboard */,
				81906EEA20ACE4EC0009946F /* Assets.xcassets */,
				81906EEC20ACE4EC0009946F /* LaunchScreen.storyboard */,
				81906EEF20ACE4EC0009946F /* Info.plist */,
			);
			path = CaraOuCoroa;
			sourceTree = "<group>";
		};
/* End PBXGroup section */

/* Begin PBXNativeTarget section */
		81906EDF20ACE4EC0009946F /* CaraOuCoroa */ = {
			isa = PBXNativeTarget;
			buildConfigurationList = 81906EF220ACE4EC0009946F /* Build configuration list for PBXNativeTarget "CaraOuCoroa" */;
			buildPhases = (
				81906EDC20ACE4EC0009946F /* Sources */,
				81906EDD20ACE4EC0009946F /* Frameworks */,
				81906EDE20ACE4EC0009946F /* Resources */,
			);
			buildRules = (
			);
			dependencies = (
			);
			name = CaraOuCoroa;
			productName = CaraOuCoroa;
			productReference = 81906EE020ACE4EC0009946F /* CaraOuCoroa.app */;
			productType = "com.apple.product-type.application";
		};
/* End PBXNativeTarget section */

/* Begin PBXProject section */
		81906ED820ACE4EC0009946F /* Project object */ = {
			isa = PBXProject;
			attributes = {
				LastSwiftUpdateCheck = 0900;
				LastUpgradeCheck = 0900;
				ORGANIZATIONNAME = Ineesolutions.com.br;
				TargetAttributes = {
					81906EDF20ACE4EC0009946F = {
						CreatedOnToolsVersion = 9.0;
						ProvisioningStyle = Automatic;
					};
				};
			};
			buildConfigurationList = 81906EDB20ACE4EC0009946F /* Build configuration list for PBXProject "CaraOuCoroa" */;
			compatibilityVersion = "Xcode 8.0";
			developmentRegion = en;
			hasScannedForEncodings = 0;
			knownRegions = (
				en,
				Base,
			);
			mainGroup = 81906ED720ACE4EC0009946F;
			productRefGroup = 81906EE120ACE4EC0009946F /* Products */;
			projectDirPath = "";
			projectRoot = "";
			targets = (
				81906EDF20ACE4EC0009946F /* CaraOuCoroa */,
			);
		};
/* End PBXProject section */

/* Begin PBXResourcesBuildPhase section */
		81906EDE20ACE4EC0009946F /* Resources */ = {
			isa = PBXResourcesBuildPhase;
			buildActionMask = 2147483647;
			files = (
				81906EEE20ACE4EC0009946F /* LaunchScreen.storyboard in Resources */,
				81906EEB20ACE4EC0009946F /* Assets.xcassets in Resources */,
				81906EE920ACE4EC0009946F /* Main.storyboard in Resources */,
			);
			runOnlyForDeploymentPostprocessing = 0;
		};
/* End PBXResourcesBuildPhase section */

/* Begin PBXSourcesBuildPhase section */
		81906EDC20ACE4EC0009946F /* Sources */ = {
			isa = PBXSourcesBuildPhase;
			buildActionMask = 2147483647;
			files = (
				81906EE620ACE4EC0009946F /* ViewController.swift in Sources */,
				81906EE420ACE4EC0009946F /* AppDelegate.swift in Sources */,
			);
			runOnlyForDeploymentPostprocessing = 0;
		};
/* End PBXSourcesBuildPhase section */

/* Begin PBXVariantGroup section */
		81906EE720ACE4EC0009946F /* Main.storyboard */ = {
			isa = PBXVariantGroup;
			children = (
				81906EE820ACE4EC0009946F /* Base */,
			);
			name = Main.storyboard;
			sourceTree = "<group>";
		};
		81906EEC20ACE4EC0009946F /* LaunchScreen.storyboard */ = {
			isa = PBXVariantGroup;
			children = (
				81906EED20ACE4EC0009946F /* Base */,
			);
			name = LaunchScreen.storyboard;
			sourceTree = "<group>";
		};
/* End PBXVariantGroup section */

/* Begin XCBuildConfiguration section */
		81906EF020ACE4EC0009946F /* Debug */ = {
			isa = XCBuildConfiguration;
			buildSettings = {
				ALWAYS_SEARCH_USER_PATHS = NO;
				CLANG_ANALYZER_NONNULL = YES;
				CLANG_ANALYZER_NUMBER_OBJECT_CONVERSION = YES_AGGRESSIVE;
				CLANG_CXX_LANGUAGE_STANDARD = "gnu++14";
				CLANG_CXX_LIBRARY = "libc++";
				CLANG_ENABLE_MODULES = YES;
				CLANG_ENABLE_OBJC_ARC = YES;
				CLANG_WARN_BLOCK_CAPTURE_AUTORELEASING = YES;
				CLANG_WARN_BOOL_CONVERSION = YES;
				CLANG_WARN_COMMA = YES;
				CLANG_WARN_CONSTANT_CONVERSION = YES;
				CLANG_WARN_DIRECT_OBJC_ISA_USAGE = YES_ERROR;
				CLANG_WARN_DOCUMENTATION_COMMENTS = YES;
				CLANG_WARN_EMPTY_BODY = YES;
				CLANG_WARN_ENUM_CONVERSION = YES;
				CLANG_WARN_INFINITE_RECURSION = YES;
				CLANG_WARN_INT_CONVERSION = YES;
				CLANG_WARN_NON_LITERAL_NULL_CONVERSION = YES;
				CLANG_WARN_OBJC_LITERAL_CONVERSION = YES;
				CLANG_WARN_OBJC_ROOT_CLASS = YES_ERROR;
				CLANG_WARN_RANGE_LOOP_ANALYSIS = YES;
				CLANG_WARN_STRICT_PROTOTYPES = YES;
				CLANG_WARN_SUSPICIOUS_MOVE = YES;
				CLANG_WARN_UNGUARDED_AVAILABILITY = YES_AGGRESSIVE;
				CLANG_WARN_UNREACHABLE_CODE = YES;
				CLANG_WARN__DUPLICATE_METHOD_MATCH = YES;
				CODE_SIGN_IDENTITY = "iPhone Developer";
				COPY_PHASE_STRIP = NO;
				DEBUG_INFORMATION_FORMAT = dwarf;
				ENABLE_STRICT_OBJC_MSGSEND = YES;
				ENABLE_TESTABILITY = YES;
				GCC_C_LANGUAGE_STANDARD = gnu11;
				GCC_DYNAMIC_NO_PIC = NO;
				GCC_NO_COMMON_BLOCKS = YES;
				GCC_OPTIMIZATION_LEVEL = 0;
				GCC_PREPROCESSOR_DEFINITIONS = (
					"DEBUG=1",
					"$(inherited)",
				);
				GCC_WARN_64_TO_32_BIT_CONVERSION = YES;
				GCC_WARN_ABOUT_RETURN_TYPE = YES_ERROR;
				GCC_WARN_UNDECLARED_SELECTOR = YES;
				GCC_WARN_UNINITIALIZED_AUTOS = YES_AGGRESSIVE;
				GCC_WARN_UNUSED_FUNCTION = YES;
				GCC_WARN_UNUSED_VARIABLE = YES;
				IPHONEOS_DEPLOYMENT_TARGET = 11.0;
				MTL_ENABLE_DEBUG_INFO = YES;
				ONLY_ACTIVE_ARCH = YES;
				SDKROOT = iphoneos;
				SWIFT_ACTIVE_COMPILATION_CONDITIONS = DEBUG;
				SWIFT_OPTIMIZATION_LEVEL = "-Onone";
			};
			name = Debug;
		};
		81906EF120ACE4EC0009946F /* Release */ = {
			isa = XCBuildConfiguration;
			buildSettings = {
				ALWAYS_SEARCH_USER_PATHS = NO;
				CLANG_ANALYZER_NONNULL = YES;
				CLANG_ANALYZER_NUMBER_OBJECT_CONVERSION = YES_AGGRESSIVE;
				CLANG_CXX_LANGUAGE_STANDARD = "gnu++14";
				CLANG_CXX_LIBRARY = "libc++";
				CLANG_ENABLE_MODULES = YES;
				CLANG_ENABLE_OBJC_ARC = YES;
				CLANG_WARN_BLOCK_CAPTURE_AUTORELEASING = YES;
				CLANG_WARN_BOOL_CONVERSION = YES;
				CLANG_WARN_COMMA = YES;
				CLANG_WARN_CONSTANT_CONVERSION = YES;
				CLANG_WARN_DIRECT_OBJC_ISA_USAGE = YES_ERROR;
				CLANG_WARN_DOCUMENTATION_COMMENTS = YES;
				CLANG_WARN_EMPTY_BODY = YES;
				CLANG_WARN_ENUM_CONVERSION = YES;
				CLANG_WARN_INFINITE_RECURSION = YES;
				CLANG_WARN_INT_CONVERSION = YES;
				CLANG_WARN_NON_LITERAL_NULL_CONVERSION = YES;
				CLANG_WARN_OBJC_LITERAL_CONVERSION = YES;
				CLANG_WARN_OBJC_ROOT_CLASS = YES_ERROR;
				CLANG_WARN_RANGE_LOOP_ANALYSIS = YES;
				CLANG_WARN_STRICT_PROTOTYPES = YES;
				CLANG_WARN_SUSPICIOUS_MOVE = YES;
				CLANG_WARN_UNGUARDED_AVAILABILITY = YES_AGGRESSIVE;
				CLANG_WARN_UNREACHABLE_CODE = YES;
				CLANG_WARN__DUPLICATE_METHOD_MATCH = YES;
				CODE_SIGN_IDENTITY = "iPhone Developer";
				COPY_PHASE_STRIP = NO;
				DEBUG_INFORMATION_FORMAT = "dwarf-with-dsym";
				ENABLE_NS_ASSERTIONS = NO;
				ENABLE_STRICT_OBJC_MSGSEND = YES;
				GCC_C_LANGUAGE_STANDARD = gnu11;
				GCC_NO_COMMON_BLOCKS = YES;
				GCC_WARN_64_TO_32_BIT_CONVERSION = YES;
				GCC_WARN_ABOUT_RETURN_TYPE = YES_ERROR;
				GCC_WARN_UNDECLARED_SELECTOR = YES;
				GCC_WARN_UNINITIALIZED_AUTOS = YES_AGGRESSIVE;
				GCC_WARN_UNUSED_FUNCTION = YES;
				GCC_WARN_UNUSED_VARIABLE = YES;
				IPHONEOS_DEPLOYMENT_TARGET = 11.0;
				MTL_ENABLE_DEBUG_INFO = NO;
				SDKROOT = iphoneos;
				SWIFT_OPTIMIZATION_LEVEL = "-Owholemodule";
				VALIDATE_PRODUCT = YES;
			};
			name = Release;
		};
		81906EF320ACE4EC0009946F /* Debug */ = {
			isa = XCBuildConfiguration;
			buildSettings = {
				ASSETCATALOG_COMPILER_APPICON_NAME = AppIcon;
				CODE_SIGN_STYLE = Automatic;
				INFOPLIST_FILE = CaraOuCoroa/Info.plist;
				LD_RUNPATH_SEARCH_PATHS = "$(inherited) @executable_path/Frameworks";
				PRODUCT_BUNDLE_IDENTIFIER = IneedSolutions.com.br.CaraOuCoroa;
				PRODUCT_NAME = "$(TARGET_NAME)";
				SWIFT_VERSION = 4.0;
				TARGETED_DEVICE_FAMILY = "1,2";
			};
			name = Debug;
		};
		81906EF420ACE4EC0009946F /* Release */ = {
			isa = XCBuildConfiguration;
			buildSettings = {
				ASSETCATALOG_COMPILER_APPICON_NAME = AppIcon;
				CODE_SIGN_STYLE = Automatic;
				INFOPLIST_FILE = CaraOuCoroa/Info.plist;
				LD_RUNPATH_SEARCH_PATHS = "$(inherited) @executable_path/Frameworks";
				PRODUCT_BUNDLE_IDENTIFIER = IneedSolutions.com.br.CaraOuCoroa;
				PRODUCT_NAME = "$(TARGET_NAME)";
				SWIFT_VERSION = 4.0;
				TARGETED_DEVICE_FAMILY = "1,2";
			};
			name = Release;
		};
/* End XCBuildConfiguration section */

/* Begin XCConfigurationList section */
		81906EDB20ACE4EC0009946F /* Build configuration list for PBXProject "CaraOuCoroa" */ = {
			isa = XCConfigurationList;
			buildConfigurations = (
				81906EF020ACE4EC0009946F /* Debug */,
				81906EF120ACE4EC0009946F /* Release */,
			);
			defaultConfigurationIsVisible = 0;
			defaultConfigurationName = Release;
		};
		81906EF220ACE4EC0009946F /* Build configuration list for PBXNativeTarget "CaraOuCoroa" */ = {
			isa = XCConfigurationList;
			buildConfigurations = (
				81906EF320ACE4EC0009946F /* Debug */,
				81906EF420ACE4EC0009946F /* Release */,
			);
			defaultConfigurationIsVisible = 0;
			defaultConfigurationName = Release;
		};
/* End XCConfigurationList section */
	};
	rootObject = 81906ED820ACE4EC0009946F /* Project object */;
}
