// !$*UTF8*$!
{
	archiveVersion = 1;
	classes = {
	};
	objectVersion = 46;
	objects = {

/* Begin PBXBuildFile section */
		81775CEA2065BAF900EA45C4 /* AppDelegate.swift in Sources */ = {isa = PBXBuildFile; fileRef = 81775CE92065BAF900EA45C4 /* AppDelegate.swift */; };
		81775CEC2065BAF900EA45C4 /* ViewController.swift in Sources */ = {isa = PBXBuildFile; fileRef = 81775CEB2065BAF900EA45C4 /* ViewController.swift */; };
		81775CEF2065BAF900EA45C4 /* Main.storyboard in Resources */ = {isa = PBXBuildFile; fileRef = 81775CED2065BAF900EA45C4 /* Main.storyboard */; };
		81775CF12065BAF900EA45C4 /* Assets.xcassets in Resources */ = {isa = PBXBuildFile; fileRef = 81775CF02065BAF900EA45C4 /* Assets.xcassets */; };
		81775CF42065BAF900EA45C4 /* LaunchScreen.storyboard in Resources */ = {isa = PBXBuildFile; fileRef = 81775CF22065BAF900EA45C4 /* LaunchScreen.storyboard */; };
/* End PBXBuildFile section */

/* Begin PBXFileReference section */
		81775CE62065BAF900EA45C4 /* RandomPass.app */ = {isa = PBXFileReference; explicitFileType = wrapper.application; includeInIndex = 0; path = RandomPass.app; sourceTree = BUILT_PRODUCTS_DIR; };
		81775CE92065BAF900EA45C4 /* AppDelegate.swift */ = {isa = PBXFileReference; lastKnownFileType = sourcecode.swift; path = AppDelegate.swift; sourceTree = "<group>"; };
		81775CEB2065BAF900EA45C4 /* ViewController.swift */ = {isa = PBXFileReference; lastKnownFileType = sourcecode.swift; path = ViewController.swift; sourceTree = "<group>"; };
		81775CEE2065BAF900EA45C4 /* Base */ = {isa = PBXFileReference; lastKnownFileType = file.storyboard; name = Base; path = Base.lproj/Main.storyboard; sourceTree = "<group>"; };
		81775CF02065BAF900EA45C4 /* Assets.xcassets */ = {isa = PBXFileReference; lastKnownFileType = folder.assetcatalog; path = Assets.xcassets; sourceTree = "<group>"; };
		81775CF32065BAF900EA45C4 /* Base */ = {isa = PBXFileReference; lastKnownFileType = file.storyboard; name = Base; path = Base.lproj/LaunchScreen.storyboard; sourceTree = "<group>"; };
		81775CF52065BAF900EA45C4 /* Info.plist */ = {isa = PBXFileReference; lastKnownFileType = text.plist.xml; path = Info.plist; sourceTree = "<group>"; };
/* End PBXFileReference section */

/* Begin PBXFrameworksBuildPhase section */
		81775CE32065BAF900EA45C4 /* Frameworks */ = {
			isa = PBXFrameworksBuildPhase;
			buildActionMask = 2147483647;
			files = (
			);
			runOnlyForDeploymentPostprocessing = 0;
		};
/* End PBXFrameworksBuildPhase section */

/* Begin PBXGroup section */
		81775CDD2065BAF900EA45C4 = {
			isa = PBXGroup;
			children = (
				81775CE82065BAF900EA45C4 /* RandomPass */,
				81775CE72065BAF900EA45C4 /* Products */,
			);
			sourceTree = "<group>";
		};
		81775CE72065BAF900EA45C4 /* Products */ = {
			isa = PBXGroup;
			children = (
				81775CE62065BAF900EA45C4 /* RandomPass.app */,
			);
			name = Products;
			sourceTree = "<group>";
		};
		81775CE82065BAF900EA45C4 /* RandomPass */ = {
			isa = PBXGroup;
			children = (
				81775CE92065BAF900EA45C4 /* AppDelegate.swift */,
				81775CEB2065BAF900EA45C4 /* ViewController.swift */,
				81775CED2065BAF900EA45C4 /* Main.storyboard */,
				81775CF02065BAF900EA45C4 /* Assets.xcassets */,
				81775CF22065BAF900EA45C4 /* LaunchScreen.storyboard */,
				81775CF52065BAF900EA45C4 /* Info.plist */,
			);
			path = RandomPass;
			sourceTree = "<group>";
		};
/* End PBXGroup section */

/* Begin PBXNativeTarget section */
		81775CE52065BAF900EA45C4 /* RandomPass */ = {
			isa = PBXNativeTarget;
			buildConfigurationList = 81775CF82065BAF900EA45C4 /* Build configuration list for PBXNativeTarget "RandomPass" */;
			buildPhases = (
				81775CE22065BAF900EA45C4 /* Sources */,
				81775CE32065BAF900EA45C4 /* Frameworks */,
				81775CE42065BAF900EA45C4 /* Resources */,
			);
			buildRules = (
			);
			dependencies = (
			);
			name = RandomPass;
			productName = AppCep;
			productReference = 81775CE62065BAF900EA45C4 /* RandomPass.app */;
			productType = "com.apple.product-type.application";
		};
/* End PBXNativeTarget section */

/* Begin PBXProject section */
		81775CDE2065BAF900EA45C4 /* Project object */ = {
			isa = PBXProject;
			attributes = {
				LastSwiftUpdateCheck = 0830;
				LastUpgradeCheck = 0830;
				ORGANIZATIONNAME = IneedSolutions;
				TargetAttributes = {
					81775CE52065BAF900EA45C4 = {
						CreatedOnToolsVersion = 8.3.3;
						ProvisioningStyle = Automatic;
					};
				};
			};
			buildConfigurationList = 81775CE12065BAF900EA45C4 /* Build configuration list for PBXProject "RandomPass" */;
			compatibilityVersion = "Xcode 3.2";
			developmentRegion = English;
			hasScannedForEncodings = 0;
			knownRegions = (
				en,
				Base,
			);
			mainGroup = 81775CDD2065BAF900EA45C4;
			productRefGroup = 81775CE72065BAF900EA45C4 /* Products */;
			projectDirPath = "";
			projectRoot = "";
			targets = (
				81775CE52065BAF900EA45C4 /* RandomPass */,
			);
		};
/* End PBXProject section */

/* Begin PBXResourcesBuildPhase section */
		81775CE42065BAF900EA45C4 /* Resources */ = {
			isa = PBXResourcesBuildPhase;
			buildActionMask = 2147483647;
			files = (
				81775CF42065BAF900EA45C4 /* LaunchScreen.storyboard in Resources */,
				81775CF12065BAF900EA45C4 /* Assets.xcassets in Resources */,
				81775CEF2065BAF900EA45C4 /* Main.storyboard in Resources */,
			);
			runOnlyForDeploymentPostprocessing = 0;
		};
/* End PBXResourcesBuildPhase section */

/* Begin PBXSourcesBuildPhase section */
		81775CE22065BAF900EA45C4 /* Sources */ = {
			isa = PBXSourcesBuildPhase;
			buildActionMask = 2147483647;
			files = (
				81775CEC2065BAF900EA45C4 /* ViewController.swift in Sources */,
				81775CEA2065BAF900EA45C4 /* AppDelegate.swift in Sources */,
			);
			runOnlyForDeploymentPostprocessing = 0;
		};
/* End PBXSourcesBuildPhase section */

/* Begin PBXVariantGroup section */
		81775CED2065BAF900EA45C4 /* Main.storyboard */ = {
			isa = PBXVariantGroup;
			children = (
				81775CEE2065BAF900EA45C4 /* Base */,
			);
			name = Main.storyboard;
			sourceTree = "<group>";
		};
		81775CF22065BAF900EA45C4 /* LaunchScreen.storyboard */ = {
			isa = PBXVariantGroup;
			children = (
				81775CF32065BAF900EA45C4 /* Base */,
			);
			name = LaunchScreen.storyboard;
			sourceTree = "<group>";
		};
/* End PBXVariantGroup section */

/* Begin XCBuildConfiguration section */
		81775CF62065BAF900EA45C4 /* Debug */ = {
			isa = XCBuildConfiguration;
			buildSettings = {
				ALWAYS_SEARCH_USER_PATHS = NO;
				CLANG_ANALYZER_NONNULL = YES;
				CLANG_ANALYZER_NUMBER_OBJECT_CONVERSION = YES_AGGRESSIVE;
				CLANG_CXX_LANGUAGE_STANDARD = "gnu++0x";
				CLANG_CXX_LIBRARY = "libc++";
				CLANG_ENABLE_MODULES = YES;
				CLANG_ENABLE_OBJC_ARC = YES;
				CLANG_WARN_BOOL_CONVERSION = YES;
				CLANG_WARN_CONSTANT_CONVERSION = YES;
				CLANG_WARN_DIRECT_OBJC_ISA_USAGE = YES_ERROR;
				CLANG_WARN_DOCUMENTATION_COMMENTS = YES;
				CLANG_WARN_EMPTY_BODY = YES;
				CLANG_WARN_ENUM_CONVERSION = YES;
				CLANG_WARN_INFINITE_RECURSION = YES;
				CLANG_WARN_INT_CONVERSION = YES;
				CLANG_WARN_OBJC_ROOT_CLASS = YES_ERROR;
				CLANG_WARN_SUSPICIOUS_MOVE = YES;
				CLANG_WARN_UNREACHABLE_CODE = YES;
				CLANG_WARN__DUPLICATE_METHOD_MATCH = YES;
				"CODE_SIGN_IDENTITY[sdk=iphoneos*]" = "iPhone Developer";
				COPY_PHASE_STRIP = NO;
				DEBUG_INFORMATION_FORMAT = dwarf;
				ENABLE_STRICT_OBJC_MSGSEND = YES;
				ENABLE_TESTABILITY = YES;
				GCC_C_LANGUAGE_STANDARD = gnu99;
				GCC_DYNAMIC_NO_PIC = NO;
				GCC_NO_COMMON_BLOCKS = YES;
				GCC_OPTIMIZATION_LEVEL = 0;
				GCC_PREPROCESSOR_DEFINITIONS = (
					"DEBUG=1",
					"$(inherited)",
				);
				GCC_WARN_64_TO_32_BIT_CONVERSION = YES;
				GCC_WARN_ABOUT_RETURN_TYPE = YES_ERROR;
				GCC_WARN_UNDECLARED_SELECTOR = YES;
				GCC_WARN_UNINITIALIZED_AUTOS = YES_AGGRESSIVE;
				GCC_WARN_UNUSED_FUNCTION = YES;
				GCC_WARN_UNUSED_VARIABLE = YES;
				IPHONEOS_DEPLOYMENT_TARGET = 10.3;
				MTL_ENABLE_DEBUG_INFO = YES;
				ONLY_ACTIVE_ARCH = YES;
				SDKROOT = iphoneos;
				SWIFT_ACTIVE_COMPILATION_CONDITIONS = DEBUG;
				SWIFT_OPTIMIZATION_LEVEL = "-Onone";
				TARGETED_DEVICE_FAMILY = "1,2";
			};
			name = Debug;
		};
		81775CF72065BAF900EA45C4 /* Release */ = {
			isa = XCBuildConfiguration;
			buildSettings = {
				ALWAYS_SEARCH_USER_PATHS = NO;
				CLANG_ANALYZER_NONNULL = YES;
				CLANG_ANALYZER_NUMBER_OBJECT_CONVERSION = YES_AGGRESSIVE;
				CLANG_CXX_LANGUAGE_STANDARD = "gnu++0x";
				CLANG_CXX_LIBRARY = "libc++";
				CLANG_ENABLE_MODULES = YES;
				CLANG_ENABLE_OBJC_ARC = YES;
				CLANG_WARN_BOOL_CONVERSION = YES;
				CLANG_WARN_CONSTANT_CONVERSION = YES;
				CLANG_WARN_DIRECT_OBJC_ISA_USAGE = YES_ERROR;
				CLANG_WARN_DOCUMENTATION_COMMENTS = YES;
				CLANG_WARN_EMPTY_BODY = YES;
				CLANG_WARN_ENUM_CONVERSION = YES;
				CLANG_WARN_INFINITE_RECURSION = YES;
				CLANG_WARN_INT_CONVERSION = YES;
				CLANG_WARN_OBJC_ROOT_CLASS = YES_ERROR;
				CLANG_WARN_SUSPICIOUS_MOVE = YES;
				CLANG_WARN_UNREACHABLE_CODE = YES;
				CLANG_WARN__DUPLICATE_METHOD_MATCH = YES;
				"CODE_SIGN_IDENTITY[sdk=iphoneos*]" = "iPhone Developer";
				COPY_PHASE_STRIP = NO;
				DEBUG_INFORMATION_FORMAT = "dwarf-with-dsym";
				ENABLE_NS_ASSERTIONS = NO;
				ENABLE_STRICT_OBJC_MSGSEND = YES;
				GCC_C_LANGUAGE_STANDARD = gnu99;
				GCC_NO_COMMON_BLOCKS = YES;
				GCC_WARN_64_TO_32_BIT_CONVERSION = YES;
				GCC_WARN_ABOUT_RETURN_TYPE = YES_ERROR;
				GCC_WARN_UNDECLARED_SELECTOR = YES;
				GCC_WARN_UNINITIALIZED_AUTOS = YES_AGGRESSIVE;
				GCC_WARN_UNUSED_FUNCTION = YES;
				GCC_WARN_UNUSED_VARIABLE = YES;
				IPHONEOS_DEPLOYMENT_TARGET = 10.3;
				MTL_ENABLE_DEBUG_INFO = NO;
				SDKROOT = iphoneos;
				SWIFT_OPTIMIZATION_LEVEL = "-Owholemodule";
				TARGETED_DEVICE_FAMILY = "1,2";
				VALIDATE_PRODUCT = YES;
			};
			name = Release;
		};
		81775CF92065BAF900EA45C4 /* Debug */ = {
			isa = XCBuildConfiguration;
			buildSettings = {
				ASSETCATALOG_COMPILER_APPICON_NAME = AppIcon;
				INFOPLIST_FILE = AppCep/Info.plist;
				LD_RUNPATH_SEARCH_PATHS = "$(inherited) @executable_path/Frameworks";
				PRODUCT_BUNDLE_IDENTIFIER = br.com.ineedsolutions.AppCep;
				PRODUCT_NAME = "$(TARGET_NAME)";
				SWIFT_VERSION = 3.0;
			};
			name = Debug;
		};
		81775CFA2065BAF900EA45C4 /* Release */ = {
			isa = XCBuildConfiguration;
			buildSettings = {
				ASSETCATALOG_COMPILER_APPICON_NAME = AppIcon;
				INFOPLIST_FILE = AppCep/Info.plist;
				LD_RUNPATH_SEARCH_PATHS = "$(inherited) @executable_path/Frameworks";
				PRODUCT_BUNDLE_IDENTIFIER = br.com.ineedsolutions.AppCep;
				PRODUCT_NAME = "$(TARGET_NAME)";
				SWIFT_VERSION = 3.0;
			};
			name = Release;
		};
/* End XCBuildConfiguration section */

/* Begin XCConfigurationList section */
		81775CE12065BAF900EA45C4 /* Build configuration list for PBXProject "RandomPass" */ = {
			isa = XCConfigurationList;
			buildConfigurations = (
				81775CF62065BAF900EA45C4 /* Debug */,
				81775CF72065BAF900EA45C4 /* Release */,
			);
			defaultConfigurationIsVisible = 0;
			defaultConfigurationName = Release;
		};
		81775CF82065BAF900EA45C4 /* Build configuration list for PBXNativeTarget "RandomPass" */ = {
			isa = XCConfigurationList;
			buildConfigurations = (
				81775CF92065BAF900EA45C4 /* Debug */,
				81775CFA2065BAF900EA45C4 /* Release */,
			);
			defaultConfigurationIsVisible = 0;
			defaultConfigurationName = Release;
		};
/* End XCConfigurationList section */
	};
	rootObject = 81775CDE2065BAF900EA45C4 /* Project object */;
}
