// !$*UTF8*$!
{
	archiveVersion = 1;
	classes = {
	};
	objectVersion = 46;
	objects = {

/* Begin PBXBuildFile section */
		814F5DBA205C858D00B8F964 /* AppDelegate.swift in Sources */ = {isa = PBXBuildFile; fileRef = 814F5DB9205C858D00B8F964 /* AppDelegate.swift */; };
		814F5DBC205C858D00B8F964 /* ViewController.swift in Sources */ = {isa = PBXBuildFile; fileRef = 814F5DBB205C858D00B8F964 /* ViewController.swift */; };
		814F5DBF205C858D00B8F964 /* Main.storyboard in Resources */ = {isa = PBXBuildFile; fileRef = 814F5DBD205C858D00B8F964 /* Main.storyboard */; };
		814F5DC1205C858D00B8F964 /* Assets.xcassets in Resources */ = {isa = PBXBuildFile; fileRef = 814F5DC0205C858D00B8F964 /* Assets.xcassets */; };
		814F5DC4205C858D00B8F964 /* LaunchScreen.storyboard in Resources */ = {isa = PBXBuildFile; fileRef = 814F5DC2205C858D00B8F964 /* LaunchScreen.storyboard */; };
		814F5DCD205C879400B8F964 /* imagem.png in Resources */ = {isa = PBXBuildFile; fileRef = 814F5DCB205C879400B8F964 /* imagem.png */; };
/* End PBXBuildFile section */

/* Begin PBXFileReference section */
		814F5DB6205C858D00B8F964 /* GeradorDeNumeros.app */ = {isa = PBXFileReference; explicitFileType = wrapper.application; includeInIndex = 0; path = GeradorDeNumeros.app; sourceTree = BUILT_PRODUCTS_DIR; };
		814F5DB9205C858D00B8F964 /* AppDelegate.swift */ = {isa = PBXFileReference; lastKnownFileType = sourcecode.swift; path = AppDelegate.swift; sourceTree = "<group>"; };
		814F5DBB205C858D00B8F964 /* ViewController.swift */ = {isa = PBXFileReference; lastKnownFileType = sourcecode.swift; path = ViewController.swift; sourceTree = "<group>"; };
		814F5DBE205C858D00B8F964 /* Base */ = {isa = PBXFileReference; lastKnownFileType = file.storyboard; name = Base; path = Base.lproj/Main.storyboard; sourceTree = "<group>"; };
		814F5DC0205C858D00B8F964 /* Assets.xcassets */ = {isa = PBXFileReference; lastKnownFileType = folder.assetcatalog; path = Assets.xcassets; sourceTree = "<group>"; };
		814F5DC3205C858D00B8F964 /* Base */ = {isa = PBXFileReference; lastKnownFileType = file.storyboard; name = Base; path = Base.lproj/LaunchScreen.storyboard; sourceTree = "<group>"; };
		814F5DC5205C858D00B8F964 /* Info.plist */ = {isa = PBXFileReference; lastKnownFileType = text.plist.xml; path = Info.plist; sourceTree = "<group>"; };
		814F5DCC205C879400B8F964 /* Base */ = {isa = PBXFileReference; lastKnownFileType = image.png; name = Base; path = Base.lproj/imagem.png; sourceTree = "<group>"; };
/* End PBXFileReference section */

/* Begin PBXFrameworksBuildPhase section */
		814F5DB3205C858D00B8F964 /* Frameworks */ = {
			isa = PBXFrameworksBuildPhase;
			buildActionMask = 2147483647;
			files = (
			);
			runOnlyForDeploymentPostprocessing = 0;
		};
/* End PBXFrameworksBuildPhase section */

/* Begin PBXGroup section */
		814F5DAD205C858D00B8F964 = {
			isa = PBXGroup;
			children = (
				814F5DB8205C858D00B8F964 /* GeradorDeNumeros */,
				814F5DB7205C858D00B8F964 /* Products */,
			);
			sourceTree = "<group>";
		};
		814F5DB7205C858D00B8F964 /* Products */ = {
			isa = PBXGroup;
			children = (
				814F5DB6205C858D00B8F964 /* GeradorDeNumeros.app */,
			);
			name = Products;
			sourceTree = "<group>";
		};
		814F5DB8205C858D00B8F964 /* GeradorDeNumeros */ = {
			isa = PBXGroup;
			children = (
				814F5DCB205C879400B8F964 /* imagem.png */,
				814F5DB9205C858D00B8F964 /* AppDelegate.swift */,
				814F5DBB205C858D00B8F964 /* ViewController.swift */,
				814F5DBD205C858D00B8F964 /* Main.storyboard */,
				814F5DC0205C858D00B8F964 /* Assets.xcassets */,
				814F5DC2205C858D00B8F964 /* LaunchScreen.storyboard */,
				814F5DC5205C858D00B8F964 /* Info.plist */,
			);
			path = GeradorDeNumeros;
			sourceTree = "<group>";
		};
/* End PBXGroup section */

/* Begin PBXNativeTarget section */
		814F5DB5205C858D00B8F964 /* GeradorDeNumeros */ = {
			isa = PBXNativeTarget;
			buildConfigurationList = 814F5DC8205C858D00B8F964 /* Build configuration list for PBXNativeTarget "GeradorDeNumeros" */;
			buildPhases = (
				814F5DB2205C858D00B8F964 /* Sources */,
				814F5DB3205C858D00B8F964 /* Frameworks */,
				814F5DB4205C858D00B8F964 /* Resources */,
			);
			buildRules = (
			);
			dependencies = (
			);
			name = GeradorDeNumeros;
			productName = GeradorDeNumeros;
			productReference = 814F5DB6205C858D00B8F964 /* GeradorDeNumeros.app */;
			productType = "com.apple.product-type.application";
		};
/* End PBXNativeTarget section */

/* Begin PBXProject section */
		814F5DAE205C858D00B8F964 /* Project object */ = {
			isa = PBXProject;
			attributes = {
				LastSwiftUpdateCheck = 0830;
				LastUpgradeCheck = 0830;
				ORGANIZATIONNAME = IneedSolutions;
				TargetAttributes = {
					814F5DB5205C858D00B8F964 = {
						CreatedOnToolsVersion = 8.3.3;
						ProvisioningStyle = Automatic;
					};
				};
			};
			buildConfigurationList = 814F5DB1205C858D00B8F964 /* Build configuration list for PBXProject "GeradorDeNumeros" */;
			compatibilityVersion = "Xcode 3.2";
			developmentRegion = English;
			hasScannedForEncodings = 0;
			knownRegions = (
				en,
				Base,
			);
			mainGroup = 814F5DAD205C858D00B8F964;
			productRefGroup = 814F5DB7205C858D00B8F964 /* Products */;
			projectDirPath = "";
			projectRoot = "";
			targets = (
				814F5DB5205C858D00B8F964 /* GeradorDeNumeros */,
			);
		};
/* End PBXProject section */

/* Begin PBXResourcesBuildPhase section */
		814F5DB4205C858D00B8F964 /* Resources */ = {
			isa = PBXResourcesBuildPhase;
			buildActionMask = 2147483647;
			files = (
				814F5DC4205C858D00B8F964 /* LaunchScreen.storyboard in Resources */,
				814F5DCD205C879400B8F964 /* imagem.png in Resources */,
				814F5DC1205C858D00B8F964 /* Assets.xcassets in Resources */,
				814F5DBF205C858D00B8F964 /* Main.storyboard in Resources */,
			);
			runOnlyForDeploymentPostprocessing = 0;
		};
/* End PBXResourcesBuildPhase section */

/* Begin PBXSourcesBuildPhase section */
		814F5DB2205C858D00B8F964 /* Sources */ = {
			isa = PBXSourcesBuildPhase;
			buildActionMask = 2147483647;
			files = (
				814F5DBC205C858D00B8F964 /* ViewController.swift in Sources */,
				814F5DBA205C858D00B8F964 /* AppDelegate.swift in Sources */,
			);
			runOnlyForDeploymentPostprocessing = 0;
		};
/* End PBXSourcesBuildPhase section */

/* Begin PBXVariantGroup section */
		814F5DBD205C858D00B8F964 /* Main.storyboard */ = {
			isa = PBXVariantGroup;
			children = (
				814F5DBE205C858D00B8F964 /* Base */,
			);
			name = Main.storyboard;
			sourceTree = "<group>";
		};
		814F5DC2205C858D00B8F964 /* LaunchScreen.storyboard */ = {
			isa = PBXVariantGroup;
			children = (
				814F5DC3205C858D00B8F964 /* Base */,
			);
			name = LaunchScreen.storyboard;
			sourceTree = "<group>";
		};
		814F5DCB205C879400B8F964 /* imagem.png */ = {
			isa = PBXVariantGroup;
			children = (
				814F5DCC205C879400B8F964 /* Base */,
			);
			name = imagem.png;
			sourceTree = "<group>";
		};
/* End PBXVariantGroup section */

/* Begin XCBuildConfiguration section */
		814F5DC6205C858D00B8F964 /* Debug */ = {
			isa = XCBuildConfiguration;
			buildSettings = {
				ALWAYS_SEARCH_USER_PATHS = NO;
				CLANG_ANALYZER_NONNULL = YES;
				CLANG_ANALYZER_NUMBER_OBJECT_CONVERSION = YES_AGGRESSIVE;
				CLANG_CXX_LANGUAGE_STANDARD = "gnu++0x";
				CLANG_CXX_LIBRARY = "libc++";
				CLANG_ENABLE_MODULES = YES;
				CLANG_ENABLE_OBJC_ARC = YES;
				CLANG_WARN_BOOL_CONVERSION = YES;
				CLANG_WARN_CONSTANT_CONVERSION = YES;
				CLANG_WARN_DIRECT_OBJC_ISA_USAGE = YES_ERROR;
				CLANG_WARN_DOCUMENTATION_COMMENTS = YES;
				CLANG_WARN_EMPTY_BODY = YES;
				CLANG_WARN_ENUM_CONVERSION = YES;
				CLANG_WARN_INFINITE_RECURSION = YES;
				CLANG_WARN_INT_CONVERSION = YES;
				CLANG_WARN_OBJC_ROOT_CLASS = YES_ERROR;
				CLANG_WARN_SUSPICIOUS_MOVE = YES;
				CLANG_WARN_UNREACHABLE_CODE = YES;
				CLANG_WARN__DUPLICATE_METHOD_MATCH = YES;
				"CODE_SIGN_IDENTITY[sdk=iphoneos*]" = "iPhone Developer";
				COPY_PHASE_STRIP = NO;
				DEBUG_INFORMATION_FORMAT = dwarf;
				ENABLE_STRICT_OBJC_MSGSEND = YES;
				ENABLE_TESTABILITY = YES;
				GCC_C_LANGUAGE_STANDARD = gnu99;
				GCC_DYNAMIC_NO_PIC = NO;
				GCC_NO_COMMON_BLOCKS = YES;
				GCC_OPTIMIZATION_LEVEL = 0;
				GCC_PREPROCESSOR_DEFINITIONS = (
					"DEBUG=1",
					"$(inherited)",
				);
				GCC_WARN_64_TO_32_BIT_CONVERSION = YES;
				GCC_WARN_ABOUT_RETURN_TYPE = YES_ERROR;
				GCC_WARN_UNDECLARED_SELECTOR = YES;
				GCC_WARN_UNINITIALIZED_AUTOS = YES_AGGRESSIVE;
				GCC_WARN_UNUSED_FUNCTION = YES;
				GCC_WARN_UNUSED_VARIABLE = YES;
				IPHONEOS_DEPLOYMENT_TARGET = 10.3;
				MTL_ENABLE_DEBUG_INFO = YES;
				ONLY_ACTIVE_ARCH = YES;
				SDKROOT = iphoneos;
				SWIFT_ACTIVE_COMPILATION_CONDITIONS = DEBUG;
				SWIFT_OPTIMIZATION_LEVEL = "-Onone";
				TARGETED_DEVICE_FAMILY = "1,2";
			};
			name = Debug;
		};
		814F5DC7205C858D00B8F964 /* Release */ = {
			isa = XCBuildConfiguration;
			buildSettings = {
				ALWAYS_SEARCH_USER_PATHS = NO;
				CLANG_ANALYZER_NONNULL = YES;
				CLANG_ANALYZER_NUMBER_OBJECT_CONVERSION = YES_AGGRESSIVE;
				CLANG_CXX_LANGUAGE_STANDARD = "gnu++0x";
				CLANG_CXX_LIBRARY = "libc++";
				CLANG_ENABLE_MODULES = YES;
				CLANG_ENABLE_OBJC_ARC = YES;
				CLANG_WARN_BOOL_CONVERSION = YES;
				CLANG_WARN_CONSTANT_CONVERSION = YES;
				CLANG_WARN_DIRECT_OBJC_ISA_USAGE = YES_ERROR;
				CLANG_WARN_DOCUMENTATION_COMMENTS = YES;
				CLANG_WARN_EMPTY_BODY = YES;
				CLANG_WARN_ENUM_CONVERSION = YES;
				CLANG_WARN_INFINITE_RECURSION = YES;
				CLANG_WARN_INT_CONVERSION = YES;
				CLANG_WARN_OBJC_ROOT_CLASS = YES_ERROR;
				CLANG_WARN_SUSPICIOUS_MOVE = YES;
				CLANG_WARN_UNREACHABLE_CODE = YES;
				CLANG_WARN__DUPLICATE_METHOD_MATCH = YES;
				"CODE_SIGN_IDENTITY[sdk=iphoneos*]" = "iPhone Developer";
				COPY_PHASE_STRIP = NO;
				DEBUG_INFORMATION_FORMAT = "dwarf-with-dsym";
				ENABLE_NS_ASSERTIONS = NO;
				ENABLE_STRICT_OBJC_MSGSEND = YES;
				GCC_C_LANGUAGE_STANDARD = gnu99;
				GCC_NO_COMMON_BLOCKS = YES;
				GCC_WARN_64_TO_32_BIT_CONVERSION = YES;
				GCC_WARN_ABOUT_RETURN_TYPE = YES_ERROR;
				GCC_WARN_UNDECLARED_SELECTOR = YES;
				GCC_WARN_UNINITIALIZED_AUTOS = YES_AGGRESSIVE;
				GCC_WARN_UNUSED_FUNCTION = YES;
				GCC_WARN_UNUSED_VARIABLE = YES;
				IPHONEOS_DEPLOYMENT_TARGET = 10.3;
				MTL_ENABLE_DEBUG_INFO = NO;
				SDKROOT = iphoneos;
				SWIFT_OPTIMIZATION_LEVEL = "-Owholemodule";
				TARGETED_DEVICE_FAMILY = "1,2";
				VALIDATE_PRODUCT = YES;
			};
			name = Release;
		};
		814F5DC9205C858D00B8F964 /* Debug */ = {
			isa = XCBuildConfiguration;
			buildSettings = {
				ASSETCATALOG_COMPILER_APPICON_NAME = AppIcon;
				INFOPLIST_FILE = GeradorDeNumeros/Info.plist;
				LD_RUNPATH_SEARCH_PATHS = "$(inherited) @executable_path/Frameworks";
				PRODUCT_BUNDLE_IDENTIFIER = br.com.ineedsolutions.GeradorDeNumeros;
				PRODUCT_NAME = "$(TARGET_NAME)";
				SWIFT_VERSION = 3.0;
			};
			name = Debug;
		};
		814F5DCA205C858D00B8F964 /* Release */ = {
			isa = XCBuildConfiguration;
			buildSettings = {
				ASSETCATALOG_COMPILER_APPICON_NAME = AppIcon;
				INFOPLIST_FILE = GeradorDeNumeros/Info.plist;
				LD_RUNPATH_SEARCH_PATHS = "$(inherited) @executable_path/Frameworks";
				PRODUCT_BUNDLE_IDENTIFIER = br.com.ineedsolutions.GeradorDeNumeros;
				PRODUCT_NAME = "$(TARGET_NAME)";
				SWIFT_VERSION = 3.0;
			};
			name = Release;
		};
/* End XCBuildConfiguration section */

/* Begin XCConfigurationList section */
		814F5DB1205C858D00B8F964 /* Build configuration list for PBXProject "GeradorDeNumeros" */ = {
			isa = XCConfigurationList;
			buildConfigurations = (
				814F5DC6205C858D00B8F964 /* Debug */,
				814F5DC7205C858D00B8F964 /* Release */,
			);
			defaultConfigurationIsVisible = 0;
			defaultConfigurationName = Release;
		};
		814F5DC8205C858D00B8F964 /* Build configuration list for PBXNativeTarget "GeradorDeNumeros" */ = {
			isa = XCConfigurationList;
			buildConfigurations = (
				814F5DC9205C858D00B8F964 /* Debug */,
				814F5DCA205C858D00B8F964 /* Release */,
			);
			defaultConfigurationIsVisible = 0;
		};
/* End XCConfigurationList section */
	};
	rootObject = 814F5DAE205C858D00B8F964 /* Project object */;
}
