// !$*UTF8*$!
{
	archiveVersion = 1;
	classes = {
	};
	objectVersion = 46;
	objects = {

/* Begin PBXBuildFile section */
		819B2829204A0FF800E41D46 /* AppDelegate.swift in Sources */ = {isa = PBXBuildFile; fileRef = 819B2828204A0FF800E41D46 /* AppDelegate.swift */; };
		819B282B204A0FF800E41D46 /* ViewController.swift in Sources */ = {isa = PBXBuildFile; fileRef = 819B282A204A0FF800E41D46 /* ViewController.swift */; };
		819B282E204A0FF800E41D46 /* Main.storyboard in Resources */ = {isa = PBXBuildFile; fileRef = 819B282C204A0FF800E41D46 /* Main.storyboard */; };
		819B2830204A0FF800E41D46 /* Assets.xcassets in Resources */ = {isa = PBXBuildFile; fileRef = 819B282F204A0FF800E41D46 /* Assets.xcassets */; };
		819B2833204A0FF800E41D46 /* LaunchScreen.storyboard in Resources */ = {isa = PBXBuildFile; fileRef = 819B2831204A0FF800E41D46 /* LaunchScreen.storyboard */; };
/* End PBXBuildFile section */

/* Begin PBXFileReference section */
		819B2825204A0FF700E41D46 /* ProjectFirst.app */ = {isa = PBXFileReference; explicitFileType = wrapper.application; includeInIndex = 0; path = ProjectFirst.app; sourceTree = BUILT_PRODUCTS_DIR; };
		819B2828204A0FF800E41D46 /* AppDelegate.swift */ = {isa = PBXFileReference; lastKnownFileType = sourcecode.swift; path = AppDelegate.swift; sourceTree = "<group>"; };
		819B282A204A0FF800E41D46 /* ViewController.swift */ = {isa = PBXFileReference; lastKnownFileType = sourcecode.swift; path = ViewController.swift; sourceTree = "<group>"; };
		819B282D204A0FF800E41D46 /* Base */ = {isa = PBXFileReference; lastKnownFileType = file.storyboard; name = Base; path = Base.lproj/Main.storyboard; sourceTree = "<group>"; };
		819B282F204A0FF800E41D46 /* Assets.xcassets */ = {isa = PBXFileReference; lastKnownFileType = folder.assetcatalog; path = Assets.xcassets; sourceTree = "<group>"; };
		819B2832204A0FF800E41D46 /* Base */ = {isa = PBXFileReference; lastKnownFileType = file.storyboard; name = Base; path = Base.lproj/LaunchScreen.storyboard; sourceTree = "<group>"; };
		819B2834204A0FF800E41D46 /* Info.plist */ = {isa = PBXFileReference; lastKnownFileType = text.plist.xml; path = Info.plist; sourceTree = "<group>"; };
/* End PBXFileReference section */

/* Begin PBXFrameworksBuildPhase section */
		819B2822204A0FF700E41D46 /* Frameworks */ = {
			isa = PBXFrameworksBuildPhase;
			buildActionMask = 2147483647;
			files = (
			);
			runOnlyForDeploymentPostprocessing = 0;
		};
/* End PBXFrameworksBuildPhase section */

/* Begin PBXGroup section */
		819B281C204A0FF700E41D46 = {
			isa = PBXGroup;
			children = (
				819B2827204A0FF700E41D46 /* ProjectFirst */,
				819B2826204A0FF700E41D46 /* Products */,
			);
			sourceTree = "<group>";
		};
		819B2826204A0FF700E41D46 /* Products */ = {
			isa = PBXGroup;
			children = (
				819B2825204A0FF700E41D46 /* ProjectFirst.app */,
			);
			name = Products;
			sourceTree = "<group>";
		};
		819B2827204A0FF700E41D46 /* ProjectFirst */ = {
			isa = PBXGroup;
			children = (
				819B2828204A0FF800E41D46 /* AppDelegate.swift */,
				819B282A204A0FF800E41D46 /* ViewController.swift */,
				819B282C204A0FF800E41D46 /* Main.storyboard */,
				819B282F204A0FF800E41D46 /* Assets.xcassets */,
				819B2831204A0FF800E41D46 /* LaunchScreen.storyboard */,
				819B2834204A0FF800E41D46 /* Info.plist */,
			);
			path = ProjectFirst;
			sourceTree = "<group>";
		};
/* End PBXGroup section */

/* Begin PBXNativeTarget section */
		819B2824204A0FF700E41D46 /* ProjectFirst */ = {
			isa = PBXNativeTarget;
			buildConfigurationList = 819B2837204A0FF800E41D46 /* Build configuration list for PBXNativeTarget "ProjectFirst" */;
			buildPhases = (
				819B2821204A0FF700E41D46 /* Sources */,
				819B2822204A0FF700E41D46 /* Frameworks */,
				819B2823204A0FF700E41D46 /* Resources */,
			);
			buildRules = (
			);
			dependencies = (
			);
			name = ProjectFirst;
			productName = ProjectFirst;
			productReference = 819B2825204A0FF700E41D46 /* ProjectFirst.app */;
			productType = "com.apple.product-type.application";
		};
/* End PBXNativeTarget section */

/* Begin PBXProject section */
		819B281D204A0FF700E41D46 /* Project object */ = {
			isa = PBXProject;
			attributes = {
				LastSwiftUpdateCheck = 0830;
				LastUpgradeCheck = 0830;
				ORGANIZATIONNAME = IneedSolutions;
				TargetAttributes = {
					819B2824204A0FF700E41D46 = {
						CreatedOnToolsVersion = 8.3.3;
						ProvisioningStyle = Automatic;
					};
				};
			};
			buildConfigurationList = 819B2820204A0FF700E41D46 /* Build configuration list for PBXProject "ProjectFirst" */;
			compatibilityVersion = "Xcode 3.2";
			developmentRegion = English;
			hasScannedForEncodings = 0;
			knownRegions = (
				en,
				Base,
			);
			mainGroup = 819B281C204A0FF700E41D46;
			productRefGroup = 819B2826204A0FF700E41D46 /* Products */;
			projectDirPath = "";
			projectRoot = "";
			targets = (
				819B2824204A0FF700E41D46 /* ProjectFirst */,
			);
		};
/* End PBXProject section */

/* Begin PBXResourcesBuildPhase section */
		819B2823204A0FF700E41D46 /* Resources */ = {
			isa = PBXResourcesBuildPhase;
			buildActionMask = 2147483647;
			files = (
				819B2833204A0FF800E41D46 /* LaunchScreen.storyboard in Resources */,
				819B2830204A0FF800E41D46 /* Assets.xcassets in Resources */,
				819B282E204A0FF800E41D46 /* Main.storyboard in Resources */,
			);
			runOnlyForDeploymentPostprocessing = 0;
		};
/* End PBXResourcesBuildPhase section */

/* Begin PBXSourcesBuildPhase section */
		819B2821204A0FF700E41D46 /* Sources */ = {
			isa = PBXSourcesBuildPhase;
			buildActionMask = 2147483647;
			files = (
				819B282B204A0FF800E41D46 /* ViewController.swift in Sources */,
				819B2829204A0FF800E41D46 /* AppDelegate.swift in Sources */,
			);
			runOnlyForDeploymentPostprocessing = 0;
		};
/* End PBXSourcesBuildPhase section */

/* Begin PBXVariantGroup section */
		819B282C204A0FF800E41D46 /* Main.storyboard */ = {
			isa = PBXVariantGroup;
			children = (
				819B282D204A0FF800E41D46 /* Base */,
			);
			name = Main.storyboard;
			sourceTree = "<group>";
		};
		819B2831204A0FF800E41D46 /* LaunchScreen.storyboard */ = {
			isa = PBXVariantGroup;
			children = (
				819B2832204A0FF800E41D46 /* Base */,
			);
			name = LaunchScreen.storyboard;
			sourceTree = "<group>";
		};
/* End PBXVariantGroup section */

/* Begin XCBuildConfiguration section */
		819B2835204A0FF800E41D46 /* Debug */ = {
			isa = XCBuildConfiguration;
			buildSettings = {
				ALWAYS_SEARCH_USER_PATHS = NO;
				CLANG_ANALYZER_NONNULL = YES;
				CLANG_ANALYZER_NUMBER_OBJECT_CONVERSION = YES_AGGRESSIVE;
				CLANG_CXX_LANGUAGE_STANDARD = "gnu++0x";
				CLANG_CXX_LIBRARY = "libc++";
				CLANG_ENABLE_MODULES = YES;
				CLANG_ENABLE_OBJC_ARC = YES;
				CLANG_WARN_BOOL_CONVERSION = YES;
				CLANG_WARN_CONSTANT_CONVERSION = YES;
				CLANG_WARN_DIRECT_OBJC_ISA_USAGE = YES_ERROR;
				CLANG_WARN_DOCUMENTATION_COMMENTS = YES;
				CLANG_WARN_EMPTY_BODY = YES;
				CLANG_WARN_ENUM_CONVERSION = YES;
				CLANG_WARN_INFINITE_RECURSION = YES;
				CLANG_WARN_INT_CONVERSION = YES;
				CLANG_WARN_OBJC_ROOT_CLASS = YES_ERROR;
				CLANG_WARN_SUSPICIOUS_MOVE = YES;
				CLANG_WARN_UNREACHABLE_CODE = YES;
				CLANG_WARN__DUPLICATE_METHOD_MATCH = YES;
				"CODE_SIGN_IDENTITY[sdk=iphoneos*]" = "iPhone Developer";
				COPY_PHASE_STRIP = NO;
				DEBUG_INFORMATION_FORMAT = dwarf;
				ENABLE_STRICT_OBJC_MSGSEND = YES;
				ENABLE_TESTABILITY = YES;
				GCC_C_LANGUAGE_STANDARD = gnu99;
				GCC_DYNAMIC_NO_PIC = NO;
				GCC_NO_COMMON_BLOCKS = YES;
				GCC_OPTIMIZATION_LEVEL = 0;
				GCC_PREPROCESSOR_DEFINITIONS = (
					"DEBUG=1",
					"$(inherited)",
				);
				GCC_WARN_64_TO_32_BIT_CONVERSION = YES;
				GCC_WARN_ABOUT_RETURN_TYPE = YES_ERROR;
				GCC_WARN_UNDECLARED_SELECTOR = YES;
				GCC_WARN_UNINITIALIZED_AUTOS = YES_AGGRESSIVE;
				GCC_WARN_UNUSED_FUNCTION = YES;
				GCC_WARN_UNUSED_VARIABLE = YES;
				IPHONEOS_DEPLOYMENT_TARGET = 10.3;
				MTL_ENABLE_DEBUG_INFO = YES;
				ONLY_ACTIVE_ARCH = YES;
				SDKROOT = iphoneos;
				SWIFT_ACTIVE_COMPILATION_CONDITIONS = DEBUG;
				SWIFT_OPTIMIZATION_LEVEL = "-Onone";
				TARGETED_DEVICE_FAMILY = "1,2";
			};
			name = Debug;
		};
		819B2836204A0FF800E41D46 /* Release */ = {
			isa = XCBuildConfiguration;
			buildSettings = {
				ALWAYS_SEARCH_USER_PATHS = NO;
				CLANG_ANALYZER_NONNULL = YES;
				CLANG_ANALYZER_NUMBER_OBJECT_CONVERSION = YES_AGGRESSIVE;
				CLANG_CXX_LANGUAGE_STANDARD = "gnu++0x";
				CLANG_CXX_LIBRARY = "libc++";
				CLANG_ENABLE_MODULES = YES;
				CLANG_ENABLE_OBJC_ARC = YES;
				CLANG_WARN_BOOL_CONVERSION = YES;
				CLANG_WARN_CONSTANT_CONVERSION = YES;
				CLANG_WARN_DIRECT_OBJC_ISA_USAGE = YES_ERROR;
				CLANG_WARN_DOCUMENTATION_COMMENTS = YES;
				CLANG_WARN_EMPTY_BODY = YES;
				CLANG_WARN_ENUM_CONVERSION = YES;
				CLANG_WARN_INFINITE_RECURSION = YES;
				CLANG_WARN_INT_CONVERSION = YES;
				CLANG_WARN_OBJC_ROOT_CLASS = YES_ERROR;
				CLANG_WARN_SUSPICIOUS_MOVE = YES;
				CLANG_WARN_UNREACHABLE_CODE = YES;
				CLANG_WARN__DUPLICATE_METHOD_MATCH = YES;
				"CODE_SIGN_IDENTITY[sdk=iphoneos*]" = "iPhone Developer";
				COPY_PHASE_STRIP = NO;
				DEBUG_INFORMATION_FORMAT = "dwarf-with-dsym";
				ENABLE_NS_ASSERTIONS = NO;
				ENABLE_STRICT_OBJC_MSGSEND = YES;
				GCC_C_LANGUAGE_STANDARD = gnu99;
				GCC_NO_COMMON_BLOCKS = YES;
				GCC_WARN_64_TO_32_BIT_CONVERSION = YES;
				GCC_WARN_ABOUT_RETURN_TYPE = YES_ERROR;
				GCC_WARN_UNDECLARED_SELECTOR = YES;
				GCC_WARN_UNINITIALIZED_AUTOS = YES_AGGRESSIVE;
				GCC_WARN_UNUSED_FUNCTION = YES;
				GCC_WARN_UNUSED_VARIABLE = YES;
				IPHONEOS_DEPLOYMENT_TARGET = 10.3;
				MTL_ENABLE_DEBUG_INFO = NO;
				SDKROOT = iphoneos;
				SWIFT_OPTIMIZATION_LEVEL = "-Owholemodule";
				TARGETED_DEVICE_FAMILY = "1,2";
				VALIDATE_PRODUCT = YES;
			};
			name = Release;
		};
		819B2838204A0FF800E41D46 /* Debug */ = {
			isa = XCBuildConfiguration;
			buildSettings = {
				ASSETCATALOG_COMPILER_APPICON_NAME = AppIcon;
				INFOPLIST_FILE = ProjectFirst/Info.plist;
				LD_RUNPATH_SEARCH_PATHS = "$(inherited) @executable_path/Frameworks";
				PRODUCT_BUNDLE_IDENTIFIER = br.com.ineedsolutions.ProjectFirst;
				PRODUCT_NAME = "$(TARGET_NAME)";
				SWIFT_VERSION = 3.0;
			};
			name = Debug;
		};
		819B2839204A0FF800E41D46 /* Release */ = {
			isa = XCBuildConfiguration;
			buildSettings = {
				ASSETCATALOG_COMPILER_APPICON_NAME = AppIcon;
				INFOPLIST_FILE = ProjectFirst/Info.plist;
				LD_RUNPATH_SEARCH_PATHS = "$(inherited) @executable_path/Frameworks";
				PRODUCT_BUNDLE_IDENTIFIER = br.com.ineedsolutions.ProjectFirst;
				PRODUCT_NAME = "$(TARGET_NAME)";
				SWIFT_VERSION = 3.0;
			};
			name = Release;
		};
/* End XCBuildConfiguration section */

/* Begin XCConfigurationList section */
		819B2820204A0FF700E41D46 /* Build configuration list for PBXProject "ProjectFirst" */ = {
			isa = XCConfigurationList;
			buildConfigurations = (
				819B2835204A0FF800E41D46 /* Debug */,
				819B2836204A0FF800E41D46 /* Release */,
			);
			defaultConfigurationIsVisible = 0;
			defaultConfigurationName = Release;
		};
		819B2837204A0FF800E41D46 /* Build configuration list for PBXNativeTarget "ProjectFirst" */ = {
			isa = XCConfigurationList;
			buildConfigurations = (
				819B2838204A0FF800E41D46 /* Debug */,
				819B2839204A0FF800E41D46 /* Release */,
			);
			defaultConfigurationIsVisible = 0;
		};
/* End XCConfigurationList section */
	};
	rootObject = 819B281D204A0FF700E41D46 /* Project object */;
}
